
Microsoft Visual Studio Solution File, Format Version 12.00
# Visual Studio Version 16
VisualStudioVersion = 16.0.30717.126
MinimumVisualStudioVersion = 10.0.40219.1
Project("{FAE04EC0-301F-11D3-BF4B-00C04F79EFBC}") = "A3 V2", "A3 V2\A3 V2.csproj", "{7C3EB97B-5E1B-4BD1-9CD0-8C62DAE18FB8}"
EndProject
Global
	GlobalSection(SolutionConfigurationPlatforms) = preSolution
		Debug|Any CPU = Debug|Any CPU
		Release|Any CPU = Release|Any CPU
	EndGlobalSection
	GlobalSection(ProjectConfigurationPlatforms) = postSolution
		{7C3EB97B-5E1B-4BD1-9CD0-8C62DAE18FB8}.Debug|Any CPU.ActiveCfg = Debug|Any CPU
		{7C3EB97B-5E1B-4BD1-9CD0-8C62DAE18FB8}.Debug|Any CPU.Build.0 = Debug|Any CPU
		{7C3EB97B-5E1B-4BD1-9CD0-8C62DAE18FB8}.Release|Any CPU.ActiveCfg = Release|Any CPU
		{7C3EB97B-5E1B-4BD1-9CD0-8C62DAE18FB8}.Release|Any CPU.Build.0 = Release|Any CPU
	EndGlobalSection
	GlobalSection(SolutionProperties) = preSolution
		HideSolutionNode = FALSE
	EndGlobalSection
	GlobalSection(ExtensibilityGlobals) = postSolution
		SolutionGuid = {FF590194-F681-4E2D-90E8-EFA0326DB6AB}
	EndGlobalSection
EndGlobal
